
Microsoft Visual Studio Solution File, Format Version 12.00
# Visual Studio 15
VisualStudioVersion = 15.0.27703.2035
MinimumVisualStudioVersion = 10.0.40219.1
Project("{E24C65DC-7377-472B-9ABA-BC803B73C61A}") = "ab-introToClass", "ab-introToClass\", "{E51B5FA6-3D38-47CF-9704-056B8D5F6224}"
	ProjectSection(WebsiteProperties) = preProject
		TargetFrameworkMoniker = ".NETFramework,Version%3Dv4.6.1"
		Debug.AspNetCompiler.VirtualPath = "/localhost_16151"
		Debug.AspNetCompiler.PhysicalPath = "ab-introToClass\"
		Debug.AspNetCompiler.TargetPath = "PrecompiledWeb\localhost_16151\"
		Debug.AspNetCompiler.Updateable = "true"
		Debug.AspNetCompiler.ForceOverwrite = "true"
		Debug.AspNetCompiler.FixedNames = "false"
		Debug.AspNetCompiler.Debug = "True"
		Release.AspNetCompiler.VirtualPath = "/localhost_16151"
		Release.AspNetCompiler.PhysicalPath = "ab-introToClass\"
		Release.AspNetCompiler.TargetPath = "PrecompiledWeb\localhost_16151\"
		Release.AspNetCompiler.Updateable = "true"
		Release.AspNetCompiler.ForceOverwrite = "true"
		Release.AspNetCompiler.FixedNames = "false"
		Release.AspNetCompiler.Debug = "False"
		VWDPort = "16151"
		SlnRelativePath = "ab-introToClass\"
		DefaultWebSiteLanguage = "Visual C#"
	EndProjectSection
EndProject
Global
	GlobalSection(SolutionConfigurationPlatforms) = preSolution
		Debug|Any CPU = Debug|Any CPU
	EndGlobalSection
	GlobalSection(ProjectConfigurationPlatforms) = postSolution
		{E51B5FA6-3D38-47CF-9704-056B8D5F6224}.Debug|Any CPU.ActiveCfg = Debug|Any CPU
		{E51B5FA6-3D38-47CF-9704-056B8D5F6224}.Debug|Any CPU.Build.0 = Debug|Any CPU
	EndGlobalSection
	GlobalSection(SolutionProperties) = preSolution
		HideSolutionNode = FALSE
	EndGlobalSection
	GlobalSection(ExtensibilityGlobals) = postSolution
		SolutionGuid = {B5DE4DAD-3BC6-4E08-8084-34E279010E8F}
	EndGlobalSection
EndGlobal
